
Microsoft Visual Studio Solution File, Format Version 12.00
# Visual Studio Version 16
VisualStudioVersion = 16.0.29609.76
MinimumVisualStudioVersion = 10.0.40219.1
Project("{9A19103F-16F7-4668-BE54-9A1E7A4F7556}") = "Net.TcpServer", "Net.TcpServer\Net.TcpServer.csproj", "{F73D4FFF-242D-4B9C-B395-1EF2E0CF8DDA}"
EndProject
Project("{2150E333-8FDC-42A3-9474-1A3956D46DE8}") = "Example", "Example", "{34BB2F26-2E46-458B-ABED-13C1BB8D0B17}"
EndProject
Project("{9A19103F-16F7-4668-BE54-9A1E7A4F7556}") = "ServerExample", "Example\ServerExample\ServerExample.csproj", "{BA470304-DD3D-484F-B5B3-A75F04789BCA}"
EndProject
Project("{9A19103F-16F7-4668-BE54-9A1E7A4F7556}") = "ClientAdapter", "Example\ClientAdapter\ClientAdapter.csproj", "{886915D4-EF72-4F1F-A716-6DEDB293CE93}"
EndProject
Global
	GlobalSection(SolutionConfigurationPlatforms) = preSolution
		Debug|Any CPU = Debug|Any CPU
		Release|Any CPU = Release|Any CPU
	EndGlobalSection
	GlobalSection(ProjectConfigurationPlatforms) = postSolution
		{F73D4FFF-242D-4B9C-B395-1EF2E0CF8DDA}.Debug|Any CPU.ActiveCfg = Debug|Any CPU
		{F73D4FFF-242D-4B9C-B395-1EF2E0CF8DDA}.Debug|Any CPU.Build.0 = Debug|Any CPU
		{F73D4FFF-242D-4B9C-B395-1EF2E0CF8DDA}.Release|Any CPU.ActiveCfg = Release|Any CPU
		{F73D4FFF-242D-4B9C-B395-1EF2E0CF8DDA}.Release|Any CPU.Build.0 = Release|Any CPU
		{BA470304-DD3D-484F-B5B3-A75F04789BCA}.Debug|Any CPU.ActiveCfg = Debug|Any CPU
		{BA470304-DD3D-484F-B5B3-A75F04789BCA}.Debug|Any CPU.Build.0 = Debug|Any CPU
		{BA470304-DD3D-484F-B5B3-A75F04789BCA}.Release|Any CPU.ActiveCfg = Release|Any CPU
		{BA470304-DD3D-484F-B5B3-A75F04789BCA}.Release|Any CPU.Build.0 = Release|Any CPU
		{886915D4-EF72-4F1F-A716-6DEDB293CE93}.Debug|Any CPU.ActiveCfg = Debug|Any CPU
		{886915D4-EF72-4F1F-A716-6DEDB293CE93}.Debug|Any CPU.Build.0 = Debug|Any CPU
		{886915D4-EF72-4F1F-A716-6DEDB293CE93}.Release|Any CPU.ActiveCfg = Release|Any CPU
		{886915D4-EF72-4F1F-A716-6DEDB293CE93}.Release|Any CPU.Build.0 = Release|Any CPU
	EndGlobalSection
	GlobalSection(SolutionProperties) = preSolution
		HideSolutionNode = FALSE
	EndGlobalSection
	GlobalSection(NestedProjects) = preSolution
		{BA470304-DD3D-484F-B5B3-A75F04789BCA} = {34BB2F26-2E46-458B-ABED-13C1BB8D0B17}
		{886915D4-EF72-4F1F-A716-6DEDB293CE93} = {34BB2F26-2E46-458B-ABED-13C1BB8D0B17}
	EndGlobalSection
	GlobalSection(ExtensibilityGlobals) = postSolution
		SolutionGuid = {89FBEA0E-74DA-46A5-9774-A1C23EFAB438}
	EndGlobalSection
EndGlobal
